
Microsoft Visual Studio Solution File, Format Version 12.00
# Visual Studio Version 17
VisualStudioVersion = 17.6.33829.357
MinimumVisualStudioVersion = 10.0.40219.1
Project("{FAE04EC0-301F-11D3-BF4B-00C04F79EFBC}") = "14deSep", "14deSep\14deSep.csproj", "{3E064507-C1EC-4036-82AA-F9D0F8323801}"
EndProject
Global
	GlobalSection(SolutionConfigurationPlatforms) = preSolution
		Debug|Any CPU = Debug|Any CPU
		Release|Any CPU = Release|Any CPU
	EndGlobalSection
	GlobalSection(ProjectConfigurationPlatforms) = postSolution
		{3E064507-C1EC-4036-82AA-F9D0F8323801}.Debug|Any CPU.ActiveCfg = Debug|Any CPU
		{3E064507-C1EC-4036-82AA-F9D0F8323801}.Debug|Any CPU.Build.0 = Debug|Any CPU
		{3E064507-C1EC-4036-82AA-F9D0F8323801}.Release|Any CPU.ActiveCfg = Release|Any CPU
		{3E064507-C1EC-4036-82AA-F9D0F8323801}.Release|Any CPU.Build.0 = Release|Any CPU
	EndGlobalSection
	GlobalSection(SolutionProperties) = preSolution
		HideSolutionNode = FALSE
	EndGlobalSection
	GlobalSection(ExtensibilityGlobals) = postSolution
		SolutionGuid = {0EACC9A1-FCF2-4A36-8C9B-FCD0144578D6}
	EndGlobalSection
EndGlobal
