
Microsoft Visual Studio Solution File, Format Version 12.00
# Visual Studio Version 17
VisualStudioVersion = 17.6.33829.357
MinimumVisualStudioVersion = 10.0.40219.1
Project("{FAE04EC0-301F-11D3-BF4B-00C04F79EFBC}") = "proyecto1", "proyecto1\proyecto1.csproj", "{859AD933-9E96-45B2-BF2B-090607EFF141}"
EndProject
Global
	GlobalSection(SolutionConfigurationPlatforms) = preSolution
		Debug|Any CPU = Debug|Any CPU
		Release|Any CPU = Release|Any CPU
	EndGlobalSection
	GlobalSection(ProjectConfigurationPlatforms) = postSolution
		{859AD933-9E96-45B2-BF2B-090607EFF141}.Debug|Any CPU.ActiveCfg = Debug|Any CPU
		{859AD933-9E96-45B2-BF2B-090607EFF141}.Debug|Any CPU.Build.0 = Debug|Any CPU
		{859AD933-9E96-45B2-BF2B-090607EFF141}.Release|Any CPU.ActiveCfg = Release|Any CPU
		{859AD933-9E96-45B2-BF2B-090607EFF141}.Release|Any CPU.Build.0 = Release|Any CPU
	EndGlobalSection
	GlobalSection(SolutionProperties) = preSolution
		HideSolutionNode = FALSE
	EndGlobalSection
	GlobalSection(ExtensibilityGlobals) = postSolution
		SolutionGuid = {401346C2-01BF-48EF-819B-A6B4B1115774}
	EndGlobalSection
EndGlobal
