
Microsoft Visual Studio Solution File, Format Version 12.00
# Visual Studio Version 17
VisualStudioVersion = 17.6.33829.357
MinimumVisualStudioVersion = 10.0.40219.1
Project("{FAE04EC0-301F-11D3-BF4B-00C04F79EFBC}") = "letrasEjer2", "letrasEjer2\letrasEjer2.csproj", "{B998F432-6AE0-4121-A6F1-665D171D2E49}"
EndProject
Global
	GlobalSection(SolutionConfigurationPlatforms) = preSolution
		Debug|Any CPU = Debug|Any CPU
		Release|Any CPU = Release|Any CPU
	EndGlobalSection
	GlobalSection(ProjectConfigurationPlatforms) = postSolution
		{B998F432-6AE0-4121-A6F1-665D171D2E49}.Debug|Any CPU.ActiveCfg = Debug|Any CPU
		{B998F432-6AE0-4121-A6F1-665D171D2E49}.Debug|Any CPU.Build.0 = Debug|Any CPU
		{B998F432-6AE0-4121-A6F1-665D171D2E49}.Release|Any CPU.ActiveCfg = Release|Any CPU
		{B998F432-6AE0-4121-A6F1-665D171D2E49}.Release|Any CPU.Build.0 = Release|Any CPU
	EndGlobalSection
	GlobalSection(SolutionProperties) = preSolution
		HideSolutionNode = FALSE
	EndGlobalSection
	GlobalSection(ExtensibilityGlobals) = postSolution
		SolutionGuid = {96E923DB-2DB4-48D8-A885-4042C43A37F9}
	EndGlobalSection
EndGlobal
