
Microsoft Visual Studio Solution File, Format Version 12.00
# Visual Studio Version 17
VisualStudioVersion = 17.6.33829.357
MinimumVisualStudioVersion = 10.0.40219.1
Project("{FAE04EC0-301F-11D3-BF4B-00C04F79EFBC}") = "clase31Agosto", "clase31Agosto\clase31Agosto.csproj", "{4A9B9C4D-9CA8-42BA-A820-067110B2D026}"
EndProject
Global
	GlobalSection(SolutionConfigurationPlatforms) = preSolution
		Debug|Any CPU = Debug|Any CPU
		Release|Any CPU = Release|Any CPU
	EndGlobalSection
	GlobalSection(ProjectConfigurationPlatforms) = postSolution
		{4A9B9C4D-9CA8-42BA-A820-067110B2D026}.Debug|Any CPU.ActiveCfg = Debug|Any CPU
		{4A9B9C4D-9CA8-42BA-A820-067110B2D026}.Debug|Any CPU.Build.0 = Debug|Any CPU
		{4A9B9C4D-9CA8-42BA-A820-067110B2D026}.Release|Any CPU.ActiveCfg = Release|Any CPU
		{4A9B9C4D-9CA8-42BA-A820-067110B2D026}.Release|Any CPU.Build.0 = Release|Any CPU
	EndGlobalSection
	GlobalSection(SolutionProperties) = preSolution
		HideSolutionNode = FALSE
	EndGlobalSection
	GlobalSection(ExtensibilityGlobals) = postSolution
		SolutionGuid = {2107377B-09E0-4A74-973D-021A78808993}
	EndGlobalSection
EndGlobal
